
Microsoft Visual Studio Solution File, Format Version 12.00
# Visual Studio Version 17
VisualStudioVersion = 17.0.31903.59
MinimumVisualStudioVersion = 10.0.40219.1
Project("{FAE04EC0-301F-11D3-BF4B-00C04F79EFBC}") = "FooterThucHanh.Web", "FooterThucHanh.Web\FooterThucHanh.Web.csproj", "{76198B87-DE66-47B3-A166-A9B6C2099FFA}"
EndProject
Project("{2150E333-8FDC-42A3-9474-1A3956D46DE8}") = "src", "src", "{85742607-75E0-4B77-A8E5-AE08E48F6899}"
EndProject
Project("{FAE04EC0-301F-11D3-BF4B-00C04F79EFBC}") = "ThemeFooterDong", "src\ThemeFooterDong\ThemeFooterDong.csproj", "{BEB9435D-A5A3-4B53-8BD6-589CFDDC31E1}"
EndProject
Global
	GlobalSection(SolutionConfigurationPlatforms) = preSolution
		Debug|Any CPU = Debug|Any CPU
		Release|Any CPU = Release|Any CPU
	EndGlobalSection
	GlobalSection(SolutionProperties) = preSolution
		HideSolutionNode = FALSE
	EndGlobalSection
	GlobalSection(ProjectConfigurationPlatforms) = postSolution
		{76198B87-DE66-47B3-A166-A9B6C2099FFA}.Debug|Any CPU.ActiveCfg = Debug|Any CPU
		{76198B87-DE66-47B3-A166-A9B6C2099FFA}.Debug|Any CPU.Build.0 = Debug|Any CPU
		{76198B87-DE66-47B3-A166-A9B6C2099FFA}.Release|Any CPU.ActiveCfg = Release|Any CPU
		{76198B87-DE66-47B3-A166-A9B6C2099FFA}.Release|Any CPU.Build.0 = Release|Any CPU
		{BEB9435D-A5A3-4B53-8BD6-589CFDDC31E1}.Debug|Any CPU.ActiveCfg = Debug|Any CPU
		{BEB9435D-A5A3-4B53-8BD6-589CFDDC31E1}.Debug|Any CPU.Build.0 = Debug|Any CPU
		{BEB9435D-A5A3-4B53-8BD6-589CFDDC31E1}.Release|Any CPU.ActiveCfg = Release|Any CPU
		{BEB9435D-A5A3-4B53-8BD6-589CFDDC31E1}.Release|Any CPU.Build.0 = Release|Any CPU
	EndGlobalSection
	GlobalSection(NestedProjects) = preSolution
		{BEB9435D-A5A3-4B53-8BD6-589CFDDC31E1} = {85742607-75E0-4B77-A8E5-AE08E48F6899}
	EndGlobalSection
EndGlobal
